
Microsoft Visual Studio Solution File, Format Version 12.00
# Visual Studio Version 16
VisualStudioVersion = 16.0.29326.143
MinimumVisualStudioVersion = 10.0.40219.1
Project("{9A19103F-16F7-4668-BE54-9A1E7A4F7556}") = "web", "web\web.csproj", "{46EFA360-985B-4830-893F-37344FEE2290}"
EndProject
Global
	GlobalSection(SolutionConfigurationPlatforms) = preSolution
		Debug|Any CPU = Debug|Any CPU
		Release|Any CPU = Release|Any CPU
	EndGlobalSection
	GlobalSection(ProjectConfigurationPlatforms) = postSolution
		{46EFA360-985B-4830-893F-37344FEE2290}.Debug|Any CPU.ActiveCfg = Debug|Any CPU
		{46EFA360-985B-4830-893F-37344FEE2290}.Debug|Any CPU.Build.0 = Debug|Any CPU
		{46EFA360-985B-4830-893F-37344FEE2290}.Release|Any CPU.ActiveCfg = Release|Any CPU
		{46EFA360-985B-4830-893F-37344FEE2290}.Release|Any CPU.Build.0 = Release|Any CPU
	EndGlobalSection
	GlobalSection(SolutionProperties) = preSolution
		HideSolutionNode = FALSE
	EndGlobalSection
	GlobalSection(ExtensibilityGlobals) = postSolution
		SolutionGuid = {FA15D609-73FC-47BF-9F71-2F3FC835E525}
	EndGlobalSection
EndGlobal
